Microsoft Visual Studio Solution File, Format Version 12.00
# Visual Studio Version 17
VisualStudioVersion = 17.3.32819.101
MinimumVisualStudioVersion = 10.0.40219.1
Project("{9A19103F-16F7-4668-BE54-9A1E7A4F7556}") = "BccCode.Tripletex.Client", "BccCode.Tripletex.Client\BccCode.Tripletex.Client.csproj", "{09B13C56-1A3F-4845-ABC6-CBA1CB104DB8}"
EndProject
Project("{9A19103F-16F7-4668-BE54-9A1E7A4F7556}") = "BccCode.Tripletex.Client.Tests", "BccCode.Tripletex.Client.Tests\BccCode.Tripletex.Client.Tests.csproj", "{B866B316-65D7-4983-8097-46F93223595E}"
EndProject
Project("{2150E333-8FDC-42A3-9474-1A3956D46DE8}") = "Solution Items", "Solution Items", "{B1F00CF5-9086-47AC-AF09-22572446651F}"
	ProjectSection(SolutionItems) = preProject
		README.md = README.md
	EndProjectSection
EndProject
Project("{2150E333-8FDC-42A3-9474-1A3956D46DE8}") = "Deployment", "Deployment", "{D7B2E3BA-8BF2-4FDC-838A-6C83DA8C9DD6}"
	ProjectSection(SolutionItems) = preProject
		.github\workflows\tripletex-sdk-dotnet-nuget.yml = .github\workflows\tripletex-sdk-dotnet-nuget.yml
	EndProjectSection
EndProject
Global
	GlobalSection(SolutionConfigurationPlatforms) = preSolution
		Debug|Any CPU = Debug|Any CPU
		Generate|Any CPU = Generate|Any CPU
		Release|Any CPU = Release|Any CPU
	EndGlobalSection
	GlobalSection(ProjectConfigurationPlatforms) = postSolution
		{09B13C56-1A3F-4845-ABC6-CBA1CB104DB8}.Debug|Any CPU.ActiveCfg = Debug|Any CPU
		{09B13C56-1A3F-4845-ABC6-CBA1CB104DB8}.Debug|Any CPU.Build.0 = Debug|Any CPU
		{09B13C56-1A3F-4845-ABC6-CBA1CB104DB8}.Generate|Any CPU.ActiveCfg = Generate|Any CPU
		{09B13C56-1A3F-4845-ABC6-CBA1CB104DB8}.Generate|Any CPU.Build.0 = Generate|Any CPU
		{09B13C56-1A3F-4845-ABC6-CBA1CB104DB8}.Release|Any CPU.ActiveCfg = Release|Any CPU
		{09B13C56-1A3F-4845-ABC6-CBA1CB104DB8}.Release|Any CPU.Build.0 = Release|Any CPU
		{B866B316-65D7-4983-8097-46F93223595E}.Debug|Any CPU.ActiveCfg = Debug|Any CPU
		{B866B316-65D7-4983-8097-46F93223595E}.Debug|Any CPU.Build.0 = Debug|Any CPU
		{B866B316-65D7-4983-8097-46F93223595E}.Generate|Any CPU.ActiveCfg = Generate|Any CPU
		{B866B316-65D7-4983-8097-46F93223595E}.Generate|Any CPU.Build.0 = Generate|Any CPU
		{B866B316-65D7-4983-8097-46F93223595E}.Release|Any CPU.ActiveCfg = Release|Any CPU
		{B866B316-65D7-4983-8097-46F93223595E}.Release|Any CPU.Build.0 = Release|Any CPU
	EndGlobalSection
	GlobalSection(SolutionProperties) = preSolution
		HideSolutionNode = FALSE
	EndGlobalSection
	GlobalSection(ExtensibilityGlobals) = postSolution
		SolutionGuid = {CB56065E-430E-4B88-A0C6-59F9E6D98158}
	EndGlobalSection
EndGlobal
